
Microsoft Visual Studio Solution File, Format Version 12.00
# Visual Studio Version 16
VisualStudioVersion = 16.0.29926.136
MinimumVisualStudioVersion = 10.0.40219.1
Project("{FAE04EC0-301F-11D3-BF4B-00C04F79EFBC}") = "ToJob", "ToJob\ToJob.csproj", "{68231872-8D86-4288-B211-0A5F5AF470A5}"
EndProject
Global
	GlobalSection(SolutionConfigurationPlatforms) = preSolution
		Debug|Any CPU = Debug|Any CPU
		Release|Any CPU = Release|Any CPU
	EndGlobalSection
	GlobalSection(ProjectConfigurationPlatforms) = postSolution
		{68231872-8D86-4288-B211-0A5F5AF470A5}.Debug|Any CPU.ActiveCfg = Debug|Any CPU
		{68231872-8D86-4288-B211-0A5F5AF470A5}.Debug|Any CPU.Build.0 = Debug|Any CPU
		{68231872-8D86-4288-B211-0A5F5AF470A5}.Release|Any CPU.ActiveCfg = Release|Any CPU
		{68231872-8D86-4288-B211-0A5F5AF470A5}.Release|Any CPU.Build.0 = Release|Any CPU
	EndGlobalSection
	GlobalSection(SolutionProperties) = preSolution
		HideSolutionNode = FALSE
	EndGlobalSection
	GlobalSection(ExtensibilityGlobals) = postSolution
		SolutionGuid = {F1F14BDF-84C6-4EC7-A68C-9B37A5421A43}
	EndGlobalSection
EndGlobal
